twig 8c086d7560ae01f3f4a12d56df7862c67a6061b0
monolog 5267b03b1e4861c4657ede17a88f13ef479db482
doctrine-common ef431a14852d7e8f2d0ea789487509ab266e5ce2
doctrine-dbal 3d82e0de13891fadddcec3006e30e250c6055b9e
doctrine f8811c4d218da8bc7aaf2bc0c3bb6cbaacd08fe2
swiftmailer 3304927fe86466534a4a3e14a4741bda64a0eaef
twig-extensions eba4f5d572bec05c72a47bbd73ba0a3330cf8f54
doctrine-mongodb 8ecdda68fb0a8ea2eb8cd32aa0ce433c5638cb4e
doctrine-mongodb-odm 06e761e77844c3048b05b76a5ed122ca0e33360c